// !$*UTF8*$!
{
	archiveVersion = 1;
	classes = {
	};
	objectVersion = 46;
	objects = {

/* Begin PBXBuildFile section */
		2E00CD5719478FA700EA8D2F /* SettingsTableViewCell.m in Sources */ = {isa = PBXBuildFile; fileRef = 2E00CD5619478FA700EA8D2F /* SettingsTableViewCell.m */; };
		2E1AE9001959E177005D3FB1 /* AudioPlayerViewController.m in Sources */ = {isa = PBXBuildFile; fileRef = 2E1AE8FF1959E177005D3FB1 /* AudioPlayerViewController.m */; };
		2E1AE90A1959E5E8005D3FB1 /* AVCamPreviewView.m in Sources */ = {isa = PBXBuildFile; fileRef = 2E1AE9051959E5E8005D3FB1 /* AVCamPreviewView.m */; };
		2E1AE90C1959E5E8005D3FB1 /* AVPlayerClass.m in Sources */ = {isa = PBXBuildFile; fileRef = 2E1AE9091959E5E8005D3FB1 /* AVPlayerClass.m */; };
		2E1AE90E1959F940005D3FB1 /* MediaPlayer.framework in Frameworks */ = {isa = PBXBuildFile; fileRef = 2E1AE90D1959F940005D3FB1 /* MediaPlayer.framework */; };
		2E28FAFC1944BB04001B1634 /* InviteFriendsTableViewController.m in Sources */ = {isa = PBXBuildFile; fileRef = 2E28FAFB1944BB04001B1634 /* InviteFriendsTableViewController.m */; };
		2E28FAFE1944BEEC001B1634 /* rightArrow.png in Resources */ = {isa = PBXBuildFile; fileRef = 2E28FAFD1944BEEC001B1634 /* rightArrow.png */; };
		2E28FB001944C0B3001B1634 /* facebookIcon.png in Resources */ = {isa = PBXBuildFile; fileRef = 2E28FAFF1944C0B3001B1634 /* facebookIcon.png */; };
		2E3C6406195221D900A3668A /* PhotoEditViewController.m in Sources */ = {isa = PBXBuildFile; fileRef = 2E3C6404195221D900A3668A /* PhotoEditViewController.m */; };
		2E41D74C1946446E00FE4CE2 /* HomePageViewController.m in Sources */ = {isa = PBXBuildFile; fileRef = 2E41D74B1946446E00FE4CE2 /* HomePageViewController.m */; };
		2E489660194601CD002584BB /* WildFire.png in Resources */ = {isa = PBXBuildFile; fileRef = 2E48965F194601CD002584BB /* WildFire.png */; };
		2E4896631946027B002584BB /* CameraViewController.m in Sources */ = {isa = PBXBuildFile; fileRef = 2E4896621946027B002584BB /* CameraViewController.m */; };
		2E489666194602A5002584BB /* LoginScreenViewController.m in Sources */ = {isa = PBXBuildFile; fileRef = 2E489665194602A5002584BB /* LoginScreenViewController.m */; };
		2E5BCFFD1942448700B3446E /* contactsIcon.png in Resources */ = {isa = PBXBuildFile; fileRef = 2E5BCFFC1942448700B3446E /* contactsIcon.png */; };
		2E7ED506195B4B0B006A1842 /* IMG_1629.MOV in Resources */ = {isa = PBXBuildFile; fileRef = 2E7ED505195B4B0B006A1842 /* IMG_1629.MOV */; };
		2E909763194613B0003BF5A4 /* FIndFriendsTableViewController.m in Sources */ = {isa = PBXBuildFile; fileRef = 2E909762194613B0003BF5A4 /* FIndFriendsTableViewController.m */; };
		2E90976619461594003BF5A4 /* ProfilePageViewController.m in Sources */ = {isa = PBXBuildFile; fileRef = 2E90976519461594003BF5A4 /* ProfilePageViewController.m */; };
		2E90976C194620A6003BF5A4 /* ContactsPageViewController.m in Sources */ = {isa = PBXBuildFile; fileRef = 2E90976B194620A6003BF5A4 /* ContactsPageViewController.m */; };
		2E90976F194633B4003BF5A4 /* PhotoViewController.m in Sources */ = {isa = PBXBuildFile; fileRef = 2E90976E194633B4003BF5A4 /* PhotoViewController.m */; };
		2E90977219463942003BF5A4 /* InviteFriendsTableViewCell.m in Sources */ = {isa = PBXBuildFile; fileRef = 2E90977119463942003BF5A4 /* InviteFriendsTableViewCell.m */; };
		2ECF47F619465F2E00D53EFB /* TrendingTableViewCell.m in Sources */ = {isa = PBXBuildFile; fileRef = 2ECF47F519465F2E00D53EFB /* TrendingTableViewCell.m */; };
		2ECF47F819465F7A00D53EFB /* Wild Fire Logo.png in Resources */ = {isa = PBXBuildFile; fileRef = 2ECF47F719465F7A00D53EFB /* Wild Fire Logo.png */; };
		2ECF47FB1946641600D53EFB /* TrendingTableViewController.m in Sources */ = {isa = PBXBuildFile; fileRef = 2ECF47FA1946641600D53EFB /* TrendingTableViewController.m */; };
		9A1EED8A196B2ADE002F150B /* AudioPlayer.m in Sources */ = {isa = PBXBuildFile; fileRef = 9A1EED89196B2ADE002F150B /* AudioPlayer.m */; };
		9A1EED8D196B4CD4002F150B /* AVCamViewController.m in Sources */ = {isa = PBXBuildFile; fileRef = 9A1EED8C196B4CD4002F150B /* AVCamViewController.m */; };
		9A1EED90196B4E9F002F150B /* MergeVideo.m in Sources */ = {isa = PBXBuildFile; fileRef = 9A1EED8F196B4E9F002F150B /* MergeVideo.m */; };
		9A1EED93196B4FF0002F150B /* MoviePlayerViewController.m in Sources */ = {isa = PBXBuildFile; fileRef = 9A1EED92196B4FF0002F150B /* MoviePlayerViewController.m */; };
		9A2EB2F41942311200A9D609 /* Parse.framework in Frameworks */ = {isa = PBXBuildFile; fileRef = 9A2EB2F31942311200A9D609 /* Parse.framework */; };
		9A2EB2F5194232EC00A9D609 /* facebooksdk.framework in Frameworks */ = {isa = PBXBuildFile; fileRef = 9A2EB2F11942153100A9D609 /* facebooksdk.framework */; };
		9A2EB2F71942332F00A9D609 /* StoreKit.framework in Frameworks */ = {isa = PBXBuildFile; fileRef = 9A2EB2F61942332F00A9D609 /* StoreKit.framework */; };
		9A2EB2F91942334900A9D609 /* libz.1.1.3.dylib in Frameworks */ = {isa = PBXBuildFile; fileRef = 9A2EB2F81942334900A9D609 /* libz.1.1.3.dylib */; };
		9A2EB2FB1942335C00A9D609 /* Security.framework in Frameworks */ = {isa = PBXBuildFile; fileRef = 9A2EB2FA1942335C00A9D609 /* Security.framework */; };
		9A2EB2FD1942336100A9D609 /* AudioToolbox.framework in Frameworks */ = {isa = PBXBuildFile; fileRef = 9A2EB2FC1942336100A9D609 /* AudioToolbox.framework */; };
		9A2EB2FF1942336C00A9D609 /* MobileCoreServices.framework in Frameworks */ = {isa = PBXBuildFile; fileRef = 9A2EB2FE1942336C00A9D609 /* MobileCoreServices.framework */; };
		9A2EB3011942339B00A9D609 /* CFNetwork.framework in Frameworks */ = {isa = PBXBuildFile; fileRef = 9A2EB3001942339B00A9D609 /* CFNetwork.framework */; };
		9A2EB303194234B600A9D609 /* Social.framework in Frameworks */ = {isa = PBXBuildFile; fileRef = 9A2EB302194234B600A9D609 /* Social.framework */; };
		9A381676193F7FF3000B4E46 /* Foundation.framework in Frameworks */ = {isa = PBXBuildFile; fileRef = 9A381675193F7FF3000B4E46 /* Foundation.framework */; };
		9A381678193F7FF3000B4E46 /* CoreGraphics.framework in Frameworks */ = {isa = PBXBuildFile; fileRef = 9A381677193F7FF3000B4E46 /* CoreGraphics.framework */; };
		9A38167A193F7FF3000B4E46 /* UIKit.framework in Frameworks */ = {isa = PBXBuildFile; fileRef = 9A381679193F7FF3000B4E46 /* UIKit.framework */; };
		9A381680193F7FF3000B4E46 /* InfoPlist.strings in Resources */ = {isa = PBXBuildFile; fileRef = 9A38167E193F7FF3000B4E46 /* InfoPlist.strings */; };
		9A381682193F7FF3000B4E46 /* main.m in Sources */ = {isa = PBXBuildFile; fileRef = 9A381681193F7FF3000B4E46 /* main.m */; };
		9A381686193F7FF3000B4E46 /* AppDelegate.m in Sources */ = {isa = PBXBuildFile; fileRef = 9A381685193F7FF3000B4E46 /* AppDelegate.m */; };
		9A381691193F7FF3000B4E46 /* Images.xcassets in Resources */ = {isa = PBXBuildFile; fileRef = 9A381690193F7FF3000B4E46 /* Images.xcassets */; };
		9A381698193F7FF4000B4E46 /* XCTest.framework in Frameworks */ = {isa = PBXBuildFile; fileRef = 9A381697193F7FF4000B4E46 /* XCTest.framework */; };
		9A381699193F7FF4000B4E46 /* Foundation.framework in Frameworks */ = {isa = PBXBuildFile; fileRef = 9A381675193F7FF3000B4E46 /* Foundation.framework */; };
		9A38169A193F7FF4000B4E46 /* UIKit.framework in Frameworks */ = {isa = PBXBuildFile; fileRef = 9A381679193F7FF3000B4E46 /* UIKit.framework */; };
		9A3816A2193F7FF4000B4E46 /* InfoPlist.strings in Resources */ = {isa = PBXBuildFile; fileRef = 9A3816A0193F7FF4000B4E46 /* InfoPlist.strings */; };
		9A3816A4193F7FF4000B4E46 /* WildfireTests.m in Sources */ = {isa = PBXBuildFile; fileRef = 9A3816A3193F7FF4000B4E46 /* WildfireTests.m */; };
		9A3816CB193F87F5000B4E46 /* MapView.m in Sources */ = {isa = PBXBuildFile; fileRef = 9A3816C9193F87F5000B4E46 /* MapView.m */; };
		9A3816CC193F87F5000B4E46 /* MapView.xib in Resources */ = {isa = PBXBuildFile; fileRef = 9A3816CA193F87F5000B4E46 /* MapView.xib */; };
		9A3816CE193F9881000B4E46 /* AVFoundation.framework in Frameworks */ = {isa = PBXBuildFile; fileRef = 9A3816CD193F9881000B4E46 /* AVFoundation.framework */; };
		9A3816D0193F988D000B4E46 /* CoreData.framework in Frameworks */ = {isa = PBXBuildFile; fileRef = 9A3816CF193F988D000B4E46 /* CoreData.framework */; };
		9A3816D2193F9893000B4E46 /* CoreLocation.framework in Frameworks */ = {isa = PBXBuildFile; fileRef = 9A3816D1193F9893000B4E46 /* CoreLocation.framework */; };
		9A3816D4193F98A1000B4E46 /* CoreText.framework in Frameworks */ = {isa = PBXBuildFile; fileRef = 9A3816D3193F98A1000B4E46 /* CoreText.framework */; };
		9A3816D6193F98B3000B4E46 /* GLKit.framework in Frameworks */ = {isa = PBXBuildFile; fileRef = 9A3816D5193F98B3000B4E46 /* GLKit.framework */; };
		9A3816D8193F98BC000B4E46 /* ImageIO.framework in Frameworks */ = {isa = PBXBuildFile; fileRef = 9A3816D7193F98BC000B4E46 /* ImageIO.framework */; };
		9A3816DA193F98D0000B4E46 /* libc++.dylib in Frameworks */ = {isa = PBXBuildFile; fileRef = 9A3816D9193F98D0000B4E46 /* libc++.dylib */; };
		9A3816DC193F98DD000B4E46 /* libicucore.dylib in Frameworks */ = {isa = PBXBuildFile; fileRef = 9A3816DB193F98DD000B4E46 /* libicucore.dylib */; };
		9A3816DE193F98EE000B4E46 /* libz.dylib in Frameworks */ = {isa = PBXBuildFile; fileRef = 9A3816DD193F98EE000B4E46 /* libz.dylib */; };
		9A3816E0193F98FE000B4E46 /* OpenGLES.framework in Frameworks */ = {isa = PBXBuildFile; fileRef = 9A3816DF193F98FE000B4E46 /* OpenGLES.framework */; };
		9A3816E2193F9904000B4E46 /* QuartzCore.framework in Frameworks */ = {isa = PBXBuildFile; fileRef = 9A3816E1193F9904000B4E46 /* QuartzCore.framework */; };
		9A3816E4193F9913000B4E46 /* SystemConfiguration.framework in Frameworks */ = {isa = PBXBuildFile; fileRef = 9A3816E3193F9913000B4E46 /* SystemConfiguration.framework */; };
		9A3816E8193FA664000B4E46 /* GoogleMaps.framework in Frameworks */ = {isa = PBXBuildFile; fileRef = 9A3816E7193FA664000B4E46 /* GoogleMaps.framework */; };
		9A3816EA193FA69D000B4E46 /* GoogleMaps.bundle in Resources */ = {isa = PBXBuildFile; fileRef = 9A3816E9193FA69D000B4E46 /* GoogleMaps.bundle */; };
		9A3816EC193FB1CC000B4E46 /* iPhoneMain.storyboard in Resources */ = {isa = PBXBuildFile; fileRef = 9A3816EB193FB1CC000B4E46 /* iPhoneMain.storyboard */; };
		9A44AA571950927B000121ED /* SearchUserViewController.m in Sources */ = {isa = PBXBuildFile; fileRef = 9A44AA561950927B000121ED /* SearchUserViewController.m */; };
		9A44AA5A195093BB000121ED /* SearchUserTableCell.m in Sources */ = {isa = PBXBuildFile; fileRef = 9A44AA59195093BB000121ED /* SearchUserTableCell.m */; };
		9A65C404195217CC001D920B /* AWSRuntime.framework in Frameworks */ = {isa = PBXBuildFile; fileRef = 9A65C403195217CC001D920B /* AWSRuntime.framework */; };
		9A65C406195217D4001D920B /* AWSS3.framework in Frameworks */ = {isa = PBXBuildFile; fileRef = 9A65C405195217D4001D920B /* AWSS3.framework */; };
		9A65C4091952181F001D920B /* Constants.m in Sources */ = {isa = PBXBuildFile; fileRef = 9A65C4081952181F001D920B /* Constants.m */; };
		9A65C40C19534077001D920B /* FireViewController.m in Sources */ = {isa = PBXBuildFile; fileRef = 9A65C40B19534077001D920B /* FireViewController.m */; };
		9A6EA36619475BE700766A72 /* Fire.m in Sources */ = {isa = PBXBuildFile; fileRef = 9A6EA36519475BE700766A72 /* Fire.m */; };
		9A6EA36919475C0B00766A72 /* ReceivedFire.m in Sources */ = {isa = PBXBuildFile; fileRef = 9A6EA36819475C0B00766A72 /* ReceivedFire.m */; };
		9A6EA36C19475C2600766A72 /* Following.m in Sources */ = {isa = PBXBuildFile; fileRef = 9A6EA36B19475C2600766A72 /* Following.m */; };
		9A82E6C3195B5E7F005923DF /* FollowersViewController.m in Sources */ = {isa = PBXBuildFile; fileRef = 9A82E6C2195B5E7F005923DF /* FollowersViewController.m */; };
		9A82E6C9195B639C005923DF /* FollowersTableViewCell.m in Sources */ = {isa = PBXBuildFile; fileRef = 9A82E6C8195B639C005923DF /* FollowersTableViewCell.m */; };
		9AABAF781958C46D00C920A3 /* CampaignViewController.m in Sources */ = {isa = PBXBuildFile; fileRef = 9AABAF771958C46D00C920A3 /* CampaignViewController.m */; };
		9AB2B5FD1947A6D0002DB3D7 /* FireTableCell.m in Sources */ = {isa = PBXBuildFile; fileRef = 9AB2B5FC1947A6D0002DB3D7 /* FireTableCell.m */; };
		9AB2B6031947B427002DB3D7 /* UIScrollView+SVInfiniteScrolling.m in Sources */ = {isa = PBXBuildFile; fileRef = 9AB2B6001947B427002DB3D7 /* UIScrollView+SVInfiniteScrolling.m */; };
		9AB2B6041947B427002DB3D7 /* UIScrollView+SVPullToRefresh.m in Sources */ = {isa = PBXBuildFile; fileRef = 9AB2B6021947B427002DB3D7 /* UIScrollView+SVPullToRefresh.m */; };
		9AC22B9519460D2300DBBDD0 /* SignUpViewController.m in Sources */ = {isa = PBXBuildFile; fileRef = 9AC22B9419460D2300DBBDD0 /* SignUpViewController.m */; };
		9AC22B981946123B00DBBDD0 /* Utilities.m in Sources */ = {isa = PBXBuildFile; fileRef = 9AC22B971946123B00DBBDD0 /* Utilities.m */; };
		9AC22B9B194617BB00DBBDD0 /* SettingsViewController.m in Sources */ = {isa = PBXBuildFile; fileRef = 9AC22B9A194617BB00DBBDD0 /* SettingsViewController.m */; };
		9AC22B9E194619FF00DBBDD0 /* MBProgressHUD.m in Sources */ = {isa = PBXBuildFile; fileRef = 9AC22B9D194619FF00DBBDD0 /* MBProgressHUD.m */; };
		9AC22BA31946248E00DBBDD0 /* UIImage+ResizeAdditions.m in Sources */ = {isa = PBXBuildFile; fileRef = 9AC22BA01946248E00DBBDD0 /* UIImage+ResizeAdditions.m */; };
		9AC22BA41946248E00DBBDD0 /* UIImage+RoundedCornerAdditions.m in Sources */ = {isa = PBXBuildFile; fileRef = 9AC22BA21946248E00DBBDD0 /* UIImage+RoundedCornerAdditions.m */; };
		9AC22BA61946337F00DBBDD0 /* Facebook.png in Resources */ = {isa = PBXBuildFile; fileRef = 9AC22BA51946337F00DBBDD0 /* Facebook.png */; };
		9AC22BA919463AA200DBBDD0 /* UIImage+AlphaAdditions.m in Sources */ = {isa = PBXBuildFile; fileRef = 9AC22BA819463AA200DBBDD0 /* UIImage+AlphaAdditions.m */; };
/* End PBXBuildFile section */

/* Begin PBXContainerItemProxy section */
		9A38169B193F7FF4000B4E46 /* PBXContainerItemProxy */ = {
			isa = PBXContainerItemProxy;
			containerPortal = 9A38166A193F7FF3000B4E46 /* Project object */;
			proxyType = 1;
			remoteGlobalIDString = 9A381671193F7FF3000B4E46;
			remoteInfo = Wildfire;
		};
/* End PBXContainerItemProxy section */

/* Begin PBXFileReference section */
		2E00CD5519478FA700EA8D2F /* SettingsTableViewCell.h */ = {isa = PBXFileReference; fileEncoding = 4; lastKnownFileType = sourcecode.c.h; path = SettingsTableViewCell.h; sourceTree = "<group>"; };
		2E00CD5619478FA700EA8D2F /* SettingsTableViewCell.m */ = {isa = PBXFileReference; fileEncoding = 4; lastKnownFileType = sourcecode.c.objc; path = SettingsTableViewCell.m; sourceTree = "<group>"; };
		2E1AE8FE1959E177005D3FB1 /* AudioPlayerViewController.h */ = {isa = PBXFileReference; fileEncoding = 4; lastKnownFileType = sourcecode.c.h; path = AudioPlayerViewController.h; sourceTree = "<group>"; };
		2E1AE8FF1959E177005D3FB1 /* AudioPlayerViewController.m */ = {isa = PBXFileReference; fileEncoding = 4; lastKnownFileType = sourcecode.c.objc; path = AudioPlayerViewController.m; sourceTree = "<group>"; };
		2E1AE9041959E5E8005D3FB1 /* AVCamPreviewView.h */ = {isa = PBXFileReference; fileEncoding = 4; lastKnownFileType = sourcecode.c.h; path = AVCamPreviewView.h; sourceTree = "<group>"; };
		2E1AE9051959E5E8005D3FB1 /* AVCamPreviewView.m */ = {isa = PBXFileReference; fileEncoding = 4; lastKnownFileType = sourcecode.c.objc; path = AVCamPreviewView.m; sourceTree = "<group>"; };
		2E1AE9081959E5E8005D3FB1 /* AVPlayerClass.h */ = {isa = PBXFileReference; fileEncoding = 4; lastKnownFileType = sourcecode.c.h; path = AVPlayerClass.h; sourceTree = "<group>"; };
		2E1AE9091959E5E8005D3FB1 /* AVPlayerClass.m */ = {isa = PBXFileReference; fileEncoding = 4; lastKnownFileType = sourcecode.c.objc; path = AVPlayerClass.m; sourceTree = "<group>"; };
		2E1AE90D1959F940005D3FB1 /* MediaPlayer.framework */ = {isa = PBXFileReference; lastKnownFileType = wrapper.framework; name = MediaPlayer.framework; path = System/Library/Frameworks/MediaPlayer.framework; sourceTree = SDKROOT; };
		2E28FAFA1944BB04001B1634 /* InviteFriendsTableViewController.h */ = {isa = PBXFileReference; fileEncoding = 4; lastKnownFileType = sourcecode.c.h; path = InviteFriendsTableViewController.h; sourceTree = "<group>"; };
		2E28FAFB1944BB04001B1634 /* InviteFriendsTableViewController.m */ = {isa = PBXFileReference; fileEncoding = 4; lastKnownFileType = sourcecode.c.objc; path = InviteFriendsTableViewController.m; sourceTree = "<group>"; };
		2E28FAFD1944BEEC001B1634 /* rightArrow.png */ = {isa = PBXFileReference; lastKnownFileType = image.png; path = rightArrow.png; sourceTree = "<group>"; };
		2E28FAFF1944C0B3001B1634 /* facebookIcon.png */ = {isa = PBXFileReference; lastKnownFileType = image.png; path = facebookIcon.png; sourceTree = "<group>"; };
		2E3C6403195221D900A3668A /* PhotoEditViewController.h */ = {isa = PBXFileReference; fileEncoding = 4; lastKnownFileType = sourcecode.c.h; path = PhotoEditViewController.h; sourceTree = "<group>"; };
		2E3C6404195221D900A3668A /* PhotoEditViewController.m */ = {isa = PBXFileReference; fileEncoding = 4; lastKnownFileType = sourcecode.c.objc; path = PhotoEditViewController.m; sourceTree = "<group>"; };
		2E41D74A1946446E00FE4CE2 /* HomePageViewController.h */ = {isa = PBXFileReference; fileEncoding = 4; lastKnownFileType = sourcecode.c.h; path = HomePageViewController.h; sourceTree = "<group>"; };
		2E41D74B1946446E00FE4CE2 /* HomePageViewController.m */ = {isa = PBXFileReference; fileEncoding = 4; lastKnownFileType = sourcecode.c.objc; path = HomePageViewController.m; sourceTree = "<group>"; };
		2E48965F194601CD002584BB /* WildFire.png */ = {isa = PBXFileReference; lastKnownFileType = image.png; path = WildFire.png; sourceTree = "<group>"; };
		2E4896611946027B002584BB /* CameraViewController.h */ = {isa = PBXFileReference; fileEncoding = 4; lastKnownFileType = sourcecode.c.h; path = CameraViewController.h; sourceTree = "<group>"; };
		2E4896621946027B002584BB /* CameraViewController.m */ = {isa = PBXFileReference; fileEncoding = 4; lastKnownFileType = sourcecode.c.objc; path = CameraViewController.m; sourceTree = "<group>"; };
		2E489664194602A5002584BB /* LoginScreenViewController.h */ = {isa = PBXFileReference; fileEncoding = 4; lastKnownFileType = sourcecode.c.h; path = LoginScreenViewController.h; sourceTree = "<group>"; };
		2E489665194602A5002584BB /* LoginScreenViewController.m */ = {isa = PBXFileReference; fileEncoding = 4; lastKnownFileType = sourcecode.c.objc; path = LoginScreenViewController.m; sourceTree = "<group>"; };
		2E5BCFFC1942448700B3446E /* contactsIcon.png */ = {isa = PBXFileReference; lastKnownFileType = image.png; path = contactsIcon.png; sourceTree = "<group>"; };
		2E7ED505195B4B0B006A1842 /* IMG_1629.MOV */ = {isa = PBXFileReference; lastKnownFileType = video.quicktime; path = IMG_1629.MOV; sourceTree = "<group>"; };
		2E909761194613B0003BF5A4 /* FIndFriendsTableViewController.h */ = {isa = PBXFileReference; fileEncoding = 4; lastKnownFileType = sourcecode.c.h; path = FIndFriendsTableViewController.h; sourceTree = "<group>"; };
		2E909762194613B0003BF5A4 /* FIndFriendsTableViewController.m */ = {isa = PBXFileReference; fileEncoding = 4; lastKnownFileType = sourcecode.c.objc; path = FIndFriendsTableViewController.m; sourceTree = "<group>"; };
		2E90976419461594003BF5A4 /* ProfilePageViewController.h */ = {isa = PBXFileReference; fileEncoding = 4; lastKnownFileType = sourcecode.c.h; path = ProfilePageViewController.h; sourceTree = "<group>"; };
		2E90976519461594003BF5A4 /* ProfilePageViewController.m */ = {isa = PBXFileReference; fileEncoding = 4; lastKnownFileType = sourcecode.c.objc; path = ProfilePageViewController.m; sourceTree = "<group>"; };
		2E90976A194620A6003BF5A4 /* ContactsPageViewController.h */ = {isa = PBXFileReference; fileEncoding = 4; lastKnownFileType = sourcecode.c.h; path = ContactsPageViewController.h; sourceTree = "<group>"; };
		2E90976B194620A6003BF5A4 /* ContactsPageViewController.m */ = {isa = PBXFileReference; fileEncoding = 4; lastKnownFileType = sourcecode.c.objc; path = ContactsPageViewController.m; sourceTree = "<group>"; };
		2E90976D194633B4003BF5A4 /* PhotoViewController.h */ = {isa = PBXFileReference; fileEncoding = 4; lastKnownFileType = sourcecode.c.h; path = PhotoViewController.h; sourceTree = "<group>"; };
		2E90976E194633B4003BF5A4 /* PhotoViewController.m */ = {isa = PBXFileReference; fileEncoding = 4; lastKnownFileType = sourcecode.c.objc; path = PhotoViewController.m; sourceTree = "<group>"; };
		2E90977019463942003BF5A4 /* InviteFriendsTableViewCell.h */ = {isa = PBXFileReference; fileEncoding = 4; lastKnownFileType = sourcecode.c.h; path = InviteFriendsTableViewCell.h; sourceTree = "<group>"; };
		2E90977119463942003BF5A4 /* InviteFriendsTableViewCell.m */ = {isa = PBXFileReference; fileEncoding = 4; lastKnownFileType = sourcecode.c.objc; path = InviteFriendsTableViewCell.m; sourceTree = "<group>"; };
		2ECF47F419465F2E00D53EFB /* TrendingTableViewCell.h */ = {isa = PBXFileReference; fileEncoding = 4; lastKnownFileType = sourcecode.c.h; path = TrendingTableViewCell.h; sourceTree = "<group>"; };
		2ECF47F519465F2E00D53EFB /* TrendingTableViewCell.m */ = {isa = PBXFileReference; fileEncoding = 4; lastKnownFileType = sourcecode.c.objc; path = TrendingTableViewCell.m; sourceTree = "<group>"; };
		2ECF47F719465F7A00D53EFB /* Wild Fire Logo.png */ = {isa = PBXFileReference; lastKnownFileType = image.png; path = "Wild Fire Logo.png"; sourceTree = "<group>"; };
		2ECF47F91946641600D53EFB /* TrendingTableViewController.h */ = {isa = PBXFileReference; fileEncoding = 4; lastKnownFileType = sourcecode.c.h; path = TrendingTableViewController.h; sourceTree = "<group>"; };
		2ECF47FA1946641600D53EFB /* TrendingTableViewController.m */ = {isa = PBXFileReference; fileEncoding = 4; lastKnownFileType = sourcecode.c.objc; path = TrendingTableViewController.m; sourceTree = "<group>"; };
		9A1EED88196B2ADE002F150B /* AudioPlayer.h */ = {isa = PBXFileReference; fileEncoding = 4; lastKnownFileType = sourcecode.c.h; path = AudioPlayer.h; sourceTree = "<group>"; };
		9A1EED89196B2ADE002F150B /* AudioPlayer.m */ = {isa = PBXFileReference; fileEncoding = 4; lastKnownFileType = sourcecode.c.objc; path = AudioPlayer.m; sourceTree = "<group>"; };
		9A1EED8B196B4CD4002F150B /* AVCamViewController.h */ = {isa = PBXFileReference; fileEncoding = 4; lastKnownFileType = sourcecode.c.h; path = AVCamViewController.h; sourceTree = "<group>"; };
		9A1EED8C196B4CD4002F150B /* AVCamViewController.m */ = {isa = PBXFileReference; fileEncoding = 4; lastKnownFileType = sourcecode.c.objc; path = AVCamViewController.m; sourceTree = "<group>"; };
		9A1EED8E196B4E9F002F150B /* MergeVideo.h */ = {isa = PBXFileReference; fileEncoding = 4; lastKnownFileType = sourcecode.c.h; path = MergeVideo.h; sourceTree = "<group>"; };
		9A1EED8F196B4E9F002F150B /* MergeVideo.m */ = {isa = PBXFileReference; fileEncoding = 4; lastKnownFileType = sourcecode.c.objc; path = MergeVideo.m; sourceTree = "<group>"; };
		9A1EED91196B4FF0002F150B /* MoviePlayerViewController.h */ = {isa = PBXFileReference; fileEncoding = 4; lastKnownFileType = sourcecode.c.h; path = MoviePlayerViewController.h; sourceTree = "<group>"; };
		9A1EED92196B4FF0002F150B /* MoviePlayerViewController.m */ = {isa = PBXFileReference; fileEncoding = 4; lastKnownFileType = sourcecode.c.objc; path = MoviePlayerViewController.m; sourceTree = "<group>"; };
		9A2EB2F11942153100A9D609 /* facebooksdk.framework */ = {isa = PBXFileReference; lastKnownFileType = wrapper.framework; path = facebooksdk.framework; sourceTree = "<group>"; };
		9A2EB2F31942311200A9D609 /* Parse.framework */ = {isa = PBXFileReference; lastKnownFileType = wrapper.framework; path = Parse.framework; sourceTree = "<group>"; };
		9A2EB2F61942332F00A9D609 /* StoreKit.framework */ = {isa = PBXFileReference; lastKnownFileType = wrapper.framework; name = StoreKit.framework; path = System/Library/Frameworks/StoreKit.framework; sourceTree = SDKROOT; };
		9A2EB2F81942334900A9D609 /* libz.1.1.3.dylib */ = {isa = PBXFileReference; lastKnownFileType = "compiled.mach-o.dylib"; name = libz.1.1.3.dylib; path = usr/lib/libz.1.1.3.dylib; sourceTree = SDKROOT; };
		9A2EB2FA1942335C00A9D609 /* Security.framework */ = {isa = PBXFileReference; lastKnownFileType = wrapper.framework; name = Security.framework; path = System/Library/Frameworks/Security.framework; sourceTree = SDKROOT; };
		9A2EB2FC1942336100A9D609 /* AudioToolbox.framework */ = {isa = PBXFileReference; lastKnownFileType = wrapper.framework; name = AudioToolbox.framework; path = System/Library/Frameworks/AudioToolbox.framework; sourceTree = SDKROOT; };
		9A2EB2FE1942336C00A9D609 /* MobileCoreServices.framework */ = {isa = PBXFileReference; lastKnownFileType = wrapper.framework; name = MobileCoreServices.framework; path = System/Library/Frameworks/MobileCoreServices.framework; sourceTree = SDKROOT; };
		9A2EB3001942339B00A9D609 /* CFNetwork.framework */ = {isa = PBXFileReference; lastKnownFileType = wrapper.framework; name = CFNetwork.framework; path = System/Library/Frameworks/CFNetwork.framework; sourceTree = SDKROOT; };
		9A2EB302194234B600A9D609 /* Social.framework */ = {isa = PBXFileReference; lastKnownFileType = wrapper.framework; name = Social.framework; path = System/Library/Frameworks/Social.framework; sourceTree = SDKROOT; };
		9A381672193F7FF3000B4E46 /* Wildfire.app */ = {isa = PBXFileReference; explicitFileType = wrapper.application; includeInIndex = 0; path = Wildfire.app; sourceTree = BUILT_PRODUCTS_DIR; };
		9A381675193F7FF3000B4E46 /* Foundation.framework */ = {isa = PBXFileReference; lastKnownFileType = wrapper.framework; name = Foundation.framework; path = System/Library/Frameworks/Foundation.framework; sourceTree = SDKROOT; };
		9A381677193F7FF3000B4E46 /* CoreGraphics.framework */ = {isa = PBXFileReference; lastKnownFileType = wrapper.framework; name = CoreGraphics.framework; path = System/Library/Frameworks/CoreGraphics.framework; sourceTree = SDKROOT; };
		9A381679193F7FF3000B4E46 /* UIKit.framework */ = {isa = PBXFileReference; lastKnownFileType = wrapper.framework; name = UIKit.framework; path = System/Library/Frameworks/UIKit.framework; sourceTree = SDKROOT; };
		9A38167D193F7FF3000B4E46 /* Wildfire-Info.plist */ = {isa = PBXFileReference; lastKnownFileType = text.plist.xml; path = "Wildfire-Info.plist"; sourceTree = "<group>"; };
		9A38167F193F7FF3000B4E46 /* en */ = {isa = PBXFileReference; lastKnownFileType = text.plist.strings; name = en; path = en.lproj/InfoPlist.strings; sourceTree = "<group>"; };
		9A381681193F7FF3000B4E46 /* main.m */ = {isa = PBXFileReference; lastKnownFileType = sourcecode.c.objc; path = main.m; sourceTree = "<group>"; };
		9A381683193F7FF3000B4E46 /* Wildfire-Prefix.pch */ = {isa = PBXFileReference; lastKnownFileType = sourcecode.c.h; path = "Wildfire-Prefix.pch"; sourceTree = "<group>"; };
		9A381684193F7FF3000B4E46 /* AppDelegate.h */ = {isa = PBXFileReference; lastKnownFileType = sourcecode.c.h; path = AppDelegate.h; sourceTree = "<group>"; };
		9A381685193F7FF3000B4E46 /* AppDelegate.m */ = {isa = PBXFileReference; lastKnownFileType = sourcecode.c.objc; path = AppDelegate.m; sourceTree = "<group>"; };
		9A381690193F7FF3000B4E46 /* Images.xcassets */ = {isa = PBXFileReference; lastKnownFileType = folder.assetcatalog; path = Images.xcassets; sourceTree = "<group>"; };
		9A381696193F7FF4000B4E46 /* WildfireTests.xctest */ = {isa = PBXFileReference; explicitFileType = wrapper.cfbundle; includeInIndex = 0; path = WildfireTests.xctest; sourceTree = BUILT_PRODUCTS_DIR; };
		9A381697193F7FF4000B4E46 /* XCTest.framework */ = {isa = PBXFileReference; lastKnownFileType = wrapper.framework; name = XCTest.framework; path = Library/Frameworks/XCTest.framework; sourceTree = DEVELOPER_DIR; };
		9A38169F193F7FF4000B4E46 /* WildfireTests-Info.plist */ = {isa = PBXFileReference; lastKnownFileType = text.plist.xml; path = "WildfireTests-Info.plist"; sourceTree = "<group>"; };
		9A3816A1193F7FF4000B4E46 /* en */ = {isa = PBXFileReference; lastKnownFileType = text.plist.strings; name = en; path = en.lproj/InfoPlist.strings; sourceTree = "<group>"; };
		9A3816A3193F7FF4000B4E46 /* WildfireTests.m */ = {isa = PBXFileReference; lastKnownFileType = sourcecode.c.objc; path = WildfireTests.m; sourceTree = "<group>"; };
		9A3816C8193F87F5000B4E46 /* MapView.h */ = {isa = PBXFileReference; fileEncoding = 4; lastKnownFileType = sourcecode.c.h; name = MapView.h; path = Classes/MapView.h; sourceTree = "<group>"; };
		9A3816C9193F87F5000B4E46 /* MapView.m */ = {isa = PBXFileReference; fileEncoding = 4; lastKnownFileType = sourcecode.c.objc; name = MapView.m; path = Classes/MapView.m; sourceTree = "<group>"; };
		9A3816CA193F87F5000B4E46 /* MapView.xib */ = {isa = PBXFileReference; fileEncoding = 4; lastKnownFileType = file.xib; name = MapView.xib; path = Classes/MapView.xib; sourceTree = "<group>"; };
		9A3816CD193F9881000B4E46 /* AVFoundation.framework */ = {isa = PBXFileReference; lastKnownFileType = wrapper.framework; name = AVFoundation.framework; path = System/Library/Frameworks/AVFoundation.framework; sourceTree = SDKROOT; };
		9A3816CF193F988D000B4E46 /* CoreData.framework */ = {isa = PBXFileReference; lastKnownFileType = wrapper.framework; name = CoreData.framework; path = System/Library/Frameworks/CoreData.framework; sourceTree = SDKROOT; };
		9A3816D1193F9893000B4E46 /* CoreLocation.framework */ = {isa = PBXFileReference; lastKnownFileType = wrapper.framework; name = CoreLocation.framework; path = System/Library/Frameworks/CoreLocation.framework; sourceTree = SDKROOT; };
		9A3816D3193F98A1000B4E46 /* CoreText.framework */ = {isa = PBXFileReference; lastKnownFileType = wrapper.framework; name = CoreText.framework; path = System/Library/Frameworks/CoreText.framework; sourceTree = SDKROOT; };
		9A3816D5193F98B3000B4E46 /* GLKit.framework */ = {isa = PBXFileReference; lastKnownFileType = wrapper.framework; name = GLKit.framework; path = System/Library/Frameworks/GLKit.framework; sourceTree = SDKROOT; };
		9A3816D7193F98BC000B4E46 /* ImageIO.framework */ = {isa = PBXFileReference; lastKnownFileType = wrapper.framework; name = ImageIO.framework; path = System/Library/Frameworks/ImageIO.framework; sourceTree = SDKROOT; };
		9A3816D9193F98D0000B4E46 /* libc++.dylib */ = {isa = PBXFileReference; lastKnownFileType = "compiled.mach-o.dylib"; name = "libc++.dylib"; path = "usr/lib/libc++.dylib"; sourceTree = SDKROOT; };
		9A3816DB193F98DD000B4E46 /* libicucore.dylib */ = {isa = PBXFileReference; lastKnownFileType = "compiled.mach-o.dylib"; name = libicucore.dylib; path = usr/lib/libicucore.dylib; sourceTree = SDKROOT; };
		9A3816DD193F98EE000B4E46 /* libz.dylib */ = {isa = PBXFileReference; lastKnownFileType = "compiled.mach-o.dylib"; name = libz.dylib; path = usr/lib/libz.dylib; sourceTree = SDKROOT; };
		9A3816DF193F98FE000B4E46 /* OpenGLES.framework */ = {isa = PBXFileReference; lastKnownFileType = wrapper.framework; name = OpenGLES.framework; path = System/Library/Frameworks/OpenGLES.framework; sourceTree = SDKROOT; };
		9A3816E1193F9904000B4E46 /* QuartzCore.framework */ = {isa = PBXFileReference; lastKnownFileType = wrapper.framework; name = QuartzCore.framework; path = System/Library/Frameworks/QuartzCore.framework; sourceTree = SDKROOT; };
		9A3816E3193F9913000B4E46 /* SystemConfiguration.framework */ = {isa = PBXFileReference; lastKnownFileType = wrapper.framework; name = SystemConfiguration.framework; path = System/Library/Frameworks/SystemConfiguration.framework; sourceTree = SDKROOT; };
		9A3816E7193FA664000B4E46 /* GoogleMaps.framework */ = {isa = PBXFileReference; lastKnownFileType = wrapper.framework; path = GoogleMaps.framework; sourceTree = "<group>"; };
		9A3816E9193FA69D000B4E46 /* GoogleMaps.bundle */ = {isa = PBXFileReference; lastKnownFileType = "wrapper.plug-in"; path = GoogleMaps.bundle; sourceTree = "<group>"; };
		9A3816EB193FB1CC000B4E46 /* iPhoneMain.storyboard */ = {isa = PBXFileReference; fileEncoding = 4; lastKnownFileType = file.storyboard; path = iPhoneMain.storyboard; sourceTree = "<group>"; };
		9A44AA551950927B000121ED /* SearchUserViewController.h */ = {isa = PBXFileReference; fileEncoding = 4; lastKnownFileType = sourcecode.c.h; name = SearchUserViewController.h; path = Classes/SearchUserViewController.h; sourceTree = "<group>"; };
		9A44AA561950927B000121ED /* SearchUserViewController.m */ = {isa = PBXFileReference; fileEncoding = 4; lastKnownFileType = sourcecode.c.objc; name = SearchUserViewController.m; path = Classes/SearchUserViewController.m; sourceTree = "<group>"; };
		9A44AA58195093BB000121ED /* SearchUserTableCell.h */ = {isa = PBXFileReference; fileEncoding = 4; lastKnownFileType = sourcecode.c.h; name = SearchUserTableCell.h; path = Classes/SearchUserTableCell.h; sourceTree = "<group>"; };
		9A44AA59195093BB000121ED /* SearchUserTableCell.m */ = {isa = PBXFileReference; fileEncoding = 4; lastKnownFileType = sourcecode.c.objc; name = SearchUserTableCell.m; path = Classes/SearchUserTableCell.m; sourceTree = "<group>"; };
		9A65C403195217CC001D920B /* AWSRuntime.framework */ = {isa = PBXFileReference; lastKnownFileType = wrapper.framework; path = AWSRuntime.framework; sourceTree = "<group>"; };
		9A65C405195217D4001D920B /* AWSS3.framework */ = {isa = PBXFileReference; lastKnownFileType = wrapper.framework; path = AWSS3.framework; sourceTree = "<group>"; };
		9A65C4071952181F001D920B /* Constants.h */ = {isa = PBXFileReference; fileEncoding = 4; lastKnownFileType = sourcecode.c.h; path = Constants.h; sourceTree = "<group>"; };
		9A65C4081952181F001D920B /* Constants.m */ = {isa = PBXFileReference; fileEncoding = 4; lastKnownFileType = sourcecode.c.objc; path = Constants.m; sourceTree = "<group>"; };
		9A65C40A19534077001D920B /* FireViewController.h */ = {isa = PBXFileReference; fileEncoding = 4; lastKnownFileType = sourcecode.c.h; name = FireViewController.h; path = Classes/FireViewController.h; sourceTree = "<group>"; };
		9A65C40B19534077001D920B /* FireViewController.m */ = {isa = PBXFileReference; fileEncoding = 4; lastKnownFileType = sourcecode.c.objc; name = FireViewController.m; path = Classes/FireViewController.m; sourceTree = "<group>"; };
		9A6EA36419475BE700766A72 /* Fire.h */ = {isa = PBXFileReference; fileEncoding = 4; lastKnownFileType = sourcecode.c.h; name = Fire.h; path = Classes/Fire.h; sourceTree = "<group>"; };
		9A6EA36519475BE700766A72 /* Fire.m */ = {isa = PBXFileReference; fileEncoding = 4; lastKnownFileType = sourcecode.c.objc; name = Fire.m; path = Classes/Fire.m; sourceTree = "<group>"; };
		9A6EA36719475C0B00766A72 /* ReceivedFire.h */ = {isa = PBXFileReference; fileEncoding = 4; lastKnownFileType = sourcecode.c.h; name = ReceivedFire.h; path = Classes/ReceivedFire.h; sourceTree = "<group>"; };
		9A6EA36819475C0B00766A72 /* ReceivedFire.m */ = {isa = PBXFileReference; fileEncoding = 4; lastKnownFileType = sourcecode.c.objc; name = ReceivedFire.m; path = Classes/ReceivedFire.m; sourceTree = "<group>"; };
		9A6EA36A19475C2600766A72 /* Following.h */ = {isa = PBXFileReference; fileEncoding = 4; lastKnownFileType = sourcecode.c.h; name = Following.h; path = Classes/Following.h; sourceTree = "<group>"; };
		9A6EA36B19475C2600766A72 /* Following.m */ = {isa = PBXFileReference; fileEncoding = 4; lastKnownFileType = sourcecode.c.objc; name = Following.m; path = Classes/Following.m; sourceTree = "<group>"; };
		9A82E6C1195B5E7F005923DF /* FollowersViewController.h */ = {isa = PBXFileReference; fileEncoding = 4; lastKnownFileType = sourcecode.c.h; name = FollowersViewController.h; path = Classes/FollowersViewController.h; sourceTree = "<group>"; };
		9A82E6C2195B5E7F005923DF /* FollowersViewController.m */ = {isa = PBXFileReference; fileEncoding = 4; lastKnownFileType = sourcecode.c.objc; name = FollowersViewController.m; path = Classes/FollowersViewController.m; sourceTree = "<group>"; };
		9A82E6C7195B639C005923DF /* FollowersTableViewCell.h */ = {isa = PBXFileReference; fileEncoding = 4; lastKnownFileType = sourcecode.c.h; name = FollowersTableViewCell.h; path = Classes/FollowersTableViewCell.h; sourceTree = "<group>"; };
		9A82E6C8195B639C005923DF /* FollowersTableViewCell.m */ = {isa = PBXFileReference; fileEncoding = 4; lastKnownFileType = sourcecode.c.objc; name = FollowersTableViewCell.m; path = Classes/FollowersTableViewCell.m; sourceTree = "<group>"; };
		9AABAF761958C46D00C920A3 /* CampaignViewController.h */ = {isa = PBXFileReference; fileEncoding = 4; lastKnownFileType = sourcecode.c.h; name = CampaignViewController.h; path = Classes/CampaignViewController.h; sourceTree = "<group>"; };
		9AABAF771958C46D00C920A3 /* CampaignViewController.m */ = {isa = PBXFileReference; fileEncoding = 4; lastKnownFileType = sourcecode.c.objc; name = CampaignViewController.m; path = Classes/CampaignViewController.m; sourceTree = "<group>"; };
		9AB2B5FB1947A6D0002DB3D7 /* FireTableCell.h */ = {isa = PBXFileReference; fileEncoding = 4; lastKnownFileType = sourcecode.c.h; name = FireTableCell.h; path = Classes/FireTableCell.h; sourceTree = "<group>"; };
		9AB2B5FC1947A6D0002DB3D7 /* FireTableCell.m */ = {isa = PBXFileReference; fileEncoding = 4; lastKnownFileType = sourcecode.c.objc; name = FireTableCell.m; path = Classes/FireTableCell.m; sourceTree = "<group>"; };
		9AB2B5FE1947B427002DB3D7 /* SVPullToRefresh.h */ = {isa = PBXFileReference; fileEncoding = 4; lastKnownFileType = sourcecode.c.h; path = SVPullToRefresh.h; sourceTree = "<group>"; };
		9AB2B5FF1947B427002DB3D7 /* UIScrollView+SVInfiniteScrolling.h */ = {isa = PBXFileReference; fileEncoding = 4; lastKnownFileType = sourcecode.c.h; path = "UIScrollView+SVInfiniteScrolling.h"; sourceTree = "<group>"; };
		9AB2B6001947B427002DB3D7 /* UIScrollView+SVInfiniteScrolling.m */ = {isa = PBXFileReference; fileEncoding = 4; lastKnownFileType = sourcecode.c.objc; path = "UIScrollView+SVInfiniteScrolling.m"; sourceTree = "<group>"; };
		9AB2B6011947B427002DB3D7 /* UIScrollView+SVPullToRefresh.h */ = {isa = PBXFileReference; fileEncoding = 4; lastKnownFileType = sourcecode.c.h; path = "UIScrollView+SVPullToRefresh.h"; sourceTree = "<group>"; };
		9AB2B6021947B427002DB3D7 /* UIScrollView+SVPullToRefresh.m */ = {isa = PBXFileReference; fileEncoding = 4; lastKnownFileType = sourcecode.c.objc; path = "UIScrollView+SVPullToRefresh.m"; sourceTree = "<group>"; };
		9AC22B9319460D2300DBBDD0 /* SignUpViewController.h */ = {isa = PBXFileReference; fileEncoding = 4; lastKnownFileType = sourcecode.c.h; name = SignUpViewController.h; path = Classes/SignUpViewController.h; sourceTree = "<group>"; };
		9AC22B9419460D2300DBBDD0 /* SignUpViewController.m */ = {isa = PBXFileReference; fileEncoding = 4; lastKnownFileType = sourcecode.c.objc; name = SignUpViewController.m; path = Classes/SignUpViewController.m; sourceTree = "<group>"; };
		9AC22B961946123B00DBBDD0 /* Utilities.h */ = {isa = PBXFileReference; fileEncoding = 4; lastKnownFileType = sourcecode.c.h; name = Utilities.h; path = Classes/Utilities.h; sourceTree = "<group>"; };
		9AC22B971946123B00DBBDD0 /* Utilities.m */ = {isa = PBXFileReference; fileEncoding = 4; lastKnownFileType = sourcecode.c.objc; name = Utilities.m; path = Classes/Utilities.m; sourceTree = "<group>"; };
		9AC22B99194617BB00DBBDD0 /* SettingsViewController.h */ = {isa = PBXFileReference; fileEncoding = 4; lastKnownFileType = sourcecode.c.h; name = SettingsViewController.h; path = Classes/SettingsViewController.h; sourceTree = "<group>"; };
		9AC22B9A194617BB00DBBDD0 /* SettingsViewController.m */ = {isa = PBXFileReference; fileEncoding = 4; lastKnownFileType = sourcecode.c.objc; name = SettingsViewController.m; path = Classes/SettingsViewController.m; sourceTree = "<group>"; };
		9AC22B9C194619FF00DBBDD0 /* MBProgressHUD.h */ = {isa = PBXFileReference; fileEncoding = 4; lastKnownFileType = sourcecode.c.h; path = MBProgressHUD.h; sourceTree = "<group>"; };
		9AC22B9D194619FF00DBBDD0 /* MBProgressHUD.m */ = {isa = PBXFileReference; fileEncoding = 4; lastKnownFileType = sourcecode.c.objc; path = MBProgressHUD.m; sourceTree = "<group>"; };
		9AC22B9F1946248E00DBBDD0 /* UIImage+ResizeAdditions.h */ = {isa = PBXFileReference; fileEncoding = 4; lastKnownFileType = sourcecode.c.h; path = "UIImage+ResizeAdditions.h"; sourceTree = "<group>"; };
		9AC22BA01946248E00DBBDD0 /* UIImage+ResizeAdditions.m */ = {isa = PBXFileReference; fileEncoding = 4; lastKnownFileType = sourcecode.c.objc; path = "UIImage+ResizeAdditions.m"; sourceTree = "<group>"; };
		9AC22BA11946248E00DBBDD0 /* UIImage+RoundedCornerAdditions.h */ = {isa = PBXFileReference; fileEncoding = 4; lastKnownFileType = sourcecode.c.h; path = "UIImage+RoundedCornerAdditions.h"; sourceTree = "<group>"; };
		9AC22BA21946248E00DBBDD0 /* UIImage+RoundedCornerAdditions.m */ = {isa = PBXFileReference; fileEncoding = 4; lastKnownFileType = sourcecode.c.objc; path = "UIImage+RoundedCornerAdditions.m"; sourceTree = "<group>"; };
		9AC22BA51946337F00DBBDD0 /* Facebook.png */ = {isa = PBXFileReference; lastKnownFileType = image.png; path = Facebook.png; sourceTree = "<group>"; };
		9AC22BA719463AA200DBBDD0 /* UIImage+AlphaAdditions.h */ = {isa = PBXFileReference; fileEncoding = 4; lastKnownFileType = sourcecode.c.h; path = "UIImage+AlphaAdditions.h"; sourceTree = "<group>"; };
		9AC22BA819463AA200DBBDD0 /* UIImage+AlphaAdditions.m */ = {isa = PBXFileReference; fileEncoding = 4; lastKnownFileType = sourcecode.c.objc; path = "UIImage+AlphaAdditions.m"; sourceTree = "<group>"; };
/* End PBXFileReference section */

/* Begin PBXFrameworksBuildPhase section */
		9A38166F193F7FF3000B4E46 /* Frameworks */ = {
			isa = PBXFrameworksBuildPhase;
			buildActionMask = 2147483647;
			files = (
				2E1AE90E1959F940005D3FB1 /* MediaPlayer.framework in Frameworks */,
				9A381678193F7FF3000B4E46 /* CoreGraphics.framework in Frameworks */,
				9A65C406195217D4001D920B /* AWSS3.framework in Frameworks */,
				9A65C404195217CC001D920B /* AWSRuntime.framework in Frameworks */,
				9A2EB303194234B600A9D609 /* Social.framework in Frameworks */,
				9A2EB3011942339B00A9D609 /* CFNetwork.framework in Frameworks */,
				9A2EB2FF1942336C00A9D609 /* MobileCoreServices.framework in Frameworks */,
				9A3816E4193F9913000B4E46 /* SystemConfiguration.framework in Frameworks */,
				9A2EB2FD1942336100A9D609 /* AudioToolbox.framework in Frameworks */,
				9A2EB2FB1942335C00A9D609 /* Security.framework in Frameworks */,
				9A2EB2F91942334900A9D609 /* libz.1.1.3.dylib in Frameworks */,
				9A2EB2F71942332F00A9D609 /* StoreKit.framework in Frameworks */,
				9A2EB2F5194232EC00A9D609 /* facebooksdk.framework in Frameworks */,
				9A2EB2F41942311200A9D609 /* Parse.framework in Frameworks */,
				9A3816E2193F9904000B4E46 /* QuartzCore.framework in Frameworks */,
				9A3816E0193F98FE000B4E46 /* OpenGLES.framework in Frameworks */,
				9A3816DE193F98EE000B4E46 /* libz.dylib in Frameworks */,
				9A3816DC193F98DD000B4E46 /* libicucore.dylib in Frameworks */,
				9A3816DA193F98D0000B4E46 /* libc++.dylib in Frameworks */,
				9A3816D8193F98BC000B4E46 /* ImageIO.framework in Frameworks */,
				9A3816D6193F98B3000B4E46 /* GLKit.framework in Frameworks */,
				9A3816D4193F98A1000B4E46 /* CoreText.framework in Frameworks */,
				9A3816D2193F9893000B4E46 /* CoreLocation.framework in Frameworks */,
				9A3816D0193F988D000B4E46 /* CoreData.framework in Frameworks */,
				9A3816CE193F9881000B4E46 /* AVFoundation.framework in Frameworks */,
				9A38167A193F7FF3000B4E46 /* UIKit.framework in Frameworks */,
				9A3816E8193FA664000B4E46 /* GoogleMaps.framework in Frameworks */,
				9A381676193F7FF3000B4E46 /* Foundation.framework in Frameworks */,
			);
			runOnlyForDeploymentPostprocessing = 0;
		};
		9A381693193F7FF4000B4E46 /* Frameworks */ = {
			isa = PBXFrameworksBuildPhase;
			buildActionMask = 2147483647;
			files = (
				9A381698193F7FF4000B4E46 /* XCTest.framework in Frameworks */,
				9A38169A193F7FF4000B4E46 /* UIKit.framework in Frameworks */,
				9A381699193F7FF4000B4E46 /* Foundation.framework in Frameworks */,
			);
			runOnlyForDeploymentPostprocessing = 0;
		};
/* End PBXFrameworksBuildPhase section */

/* Begin PBXGroup section */
		2E1AE8FD1959E093005D3FB1 /* Camera Files */ = {
			isa = PBXGroup;
			children = (
				9A1EED91196B4FF0002F150B /* MoviePlayerViewController.h */,
				9A1EED92196B4FF0002F150B /* MoviePlayerViewController.m */,
				9A1EED8E196B4E9F002F150B /* MergeVideo.h */,
				9A1EED8F196B4E9F002F150B /* MergeVideo.m */,
				9A1EED8B196B4CD4002F150B /* AVCamViewController.h */,
				9A1EED8C196B4CD4002F150B /* AVCamViewController.m */,
				2E1AE8FE1959E177005D3FB1 /* AudioPlayerViewController.h */,
				2E1AE8FF1959E177005D3FB1 /* AudioPlayerViewController.m */,
				2E1AE9041959E5E8005D3FB1 /* AVCamPreviewView.h */,
				2E1AE9051959E5E8005D3FB1 /* AVCamPreviewView.m */,
				2E1AE9081959E5E8005D3FB1 /* AVPlayerClass.h */,
				2E1AE9091959E5E8005D3FB1 /* AVPlayerClass.m */,
				2E3C6403195221D900A3668A /* PhotoEditViewController.h */,
				2E3C6404195221D900A3668A /* PhotoEditViewController.m */,
				9A1EED88196B2ADE002F150B /* AudioPlayer.h */,
				9A1EED89196B2ADE002F150B /* AudioPlayer.m */,
			);
			name = "Camera Files";
			sourceTree = "<group>";
		};
		2E5BCFF71942428100B3446E /* Images */ = {
			isa = PBXGroup;
			children = (
				2E7ED505195B4B0B006A1842 /* IMG_1629.MOV */,
				2ECF47F719465F7A00D53EFB /* Wild Fire Logo.png */,
				2E48965F194601CD002584BB /* WildFire.png */,
				2E28FAFF1944C0B3001B1634 /* facebookIcon.png */,
				2E28FAFD1944BEEC001B1634 /* rightArrow.png */,
				2E5BCFFC1942448700B3446E /* contactsIcon.png */,
			);
			name = Images;
			sourceTree = "<group>";
		};
		9A381669193F7FF3000B4E46 = {
			isa = PBXGroup;
			children = (
				9A38167B193F7FF3000B4E46 /* Wildfire */,
				9A38169D193F7FF4000B4E46 /* WildfireTests */,
				9A381674193F7FF3000B4E46 /* Frameworks */,
				9A381673193F7FF3000B4E46 /* Products */,
			);
			sourceTree = "<group>";
		};
		9A381673193F7FF3000B4E46 /* Products */ = {
			isa = PBXGroup;
			children = (
				9A381672193F7FF3000B4E46 /* Wildfire.app */,
				9A381696193F7FF4000B4E46 /* WildfireTests.xctest */,
			);
			name = Products;
			sourceTree = "<group>";
		};
		9A381674193F7FF3000B4E46 /* Frameworks */ = {
			isa = PBXGroup;
			children = (
				2E1AE90D1959F940005D3FB1 /* MediaPlayer.framework */,
				9A65C405195217D4001D920B /* AWSS3.framework */,
				9A65C403195217CC001D920B /* AWSRuntime.framework */,
				9A2EB302194234B600A9D609 /* Social.framework */,
				9A2EB3001942339B00A9D609 /* CFNetwork.framework */,
				9A2EB2FE1942336C00A9D609 /* MobileCoreServices.framework */,
				9A2EB2FC1942336100A9D609 /* AudioToolbox.framework */,
				9A2EB2FA1942335C00A9D609 /* Security.framework */,
				9A2EB2F81942334900A9D609 /* libz.1.1.3.dylib */,
				9A2EB2F61942332F00A9D609 /* StoreKit.framework */,
				9A2EB2F31942311200A9D609 /* Parse.framework */,
				9A2EB2F11942153100A9D609 /* facebooksdk.framework */,
				9A3816E9193FA69D000B4E46 /* GoogleMaps.bundle */,
				9A3816E7193FA664000B4E46 /* GoogleMaps.framework */,
				9A3816E3193F9913000B4E46 /* SystemConfiguration.framework */,
				9A3816E1193F9904000B4E46 /* QuartzCore.framework */,
				9A3816DF193F98FE000B4E46 /* OpenGLES.framework */,
				9A3816DD193F98EE000B4E46 /* libz.dylib */,
				9A3816DB193F98DD000B4E46 /* libicucore.dylib */,
				9A3816D9193F98D0000B4E46 /* libc++.dylib */,
				9A3816D7193F98BC000B4E46 /* ImageIO.framework */,
				9A3816D5193F98B3000B4E46 /* GLKit.framework */,
				9A3816D3193F98A1000B4E46 /* CoreText.framework */,
				9A3816D1193F9893000B4E46 /* CoreLocation.framework */,
				9A3816CF193F988D000B4E46 /* CoreData.framework */,
				9A3816CD193F9881000B4E46 /* AVFoundation.framework */,
				9A381675193F7FF3000B4E46 /* Foundation.framework */,
				9A381677193F7FF3000B4E46 /* CoreGraphics.framework */,
				9A381679193F7FF3000B4E46 /* UIKit.framework */,
				9A381697193F7FF4000B4E46 /* XCTest.framework */,
			);
			name = Frameworks;
			sourceTree = "<group>";
		};
		9A38167B193F7FF3000B4E46 /* Wildfire */ = {
			isa = PBXGroup;
			children = (
				9A381684193F7FF3000B4E46 /* AppDelegate.h */,
				9A381685193F7FF3000B4E46 /* AppDelegate.m */,
				2E1AE8FD1959E093005D3FB1 /* Camera Files */,
				9A3816AD193F8010000B4E46 /* Classes */,
				2E5BCFF71942428100B3446E /* Images */,
				9A381690193F7FF3000B4E46 /* Images.xcassets */,
				9A3816EB193FB1CC000B4E46 /* iPhoneMain.storyboard */,
				9A38167C193F7FF3000B4E46 /* Supporting Files */,
				9A3816AE193F801B000B4E46 /* View Controllers */,
			);
			path = Wildfire;
			sourceTree = "<group>";
		};
		9A38167C193F7FF3000B4E46 /* Supporting Files */ = {
			isa = PBXGroup;
			children = (
				9AC22BA51946337F00DBBDD0 /* Facebook.png */,
				9A38167D193F7FF3000B4E46 /* Wildfire-Info.plist */,
				9A38167E193F7FF3000B4E46 /* InfoPlist.strings */,
				9A381681193F7FF3000B4E46 /* main.m */,
				9A381683193F7FF3000B4E46 /* Wildfire-Prefix.pch */,
			);
			name = "Supporting Files";
			sourceTree = "<group>";
		};
		9A38169D193F7FF4000B4E46 /* WildfireTests */ = {
			isa = PBXGroup;
			children = (
				9A3816A3193F7FF4000B4E46 /* WildfireTests.m */,
				9A38169E193F7FF4000B4E46 /* Supporting Files */,
			);
			path = WildfireTests;
			sourceTree = "<group>";
		};
		9A38169E193F7FF4000B4E46 /* Supporting Files */ = {
			isa = PBXGroup;
			children = (
				9A38169F193F7FF4000B4E46 /* WildfireTests-Info.plist */,
				9A3816A0193F7FF4000B4E46 /* InfoPlist.strings */,
			);
			name = "Supporting Files";
			sourceTree = "<group>";
		};
		9A3816AD193F8010000B4E46 /* Classes */ = {
			isa = PBXGroup;
			children = (
				9A65C4071952181F001D920B /* Constants.h */,
				9A65C4081952181F001D920B /* Constants.m */,
				9A6EA36419475BE700766A72 /* Fire.h */,
				9A6EA36519475BE700766A72 /* Fire.m */,
				9AB2B5FB1947A6D0002DB3D7 /* FireTableCell.h */,
				9AB2B5FC1947A6D0002DB3D7 /* FireTableCell.m */,
				9A6EA36A19475C2600766A72 /* Following.h */,
				9A6EA36B19475C2600766A72 /* Following.m */,
				2E90977019463942003BF5A4 /* InviteFriendsTableViewCell.h */,
				2E90977119463942003BF5A4 /* InviteFriendsTableViewCell.m */,
				9AC22B9C194619FF00DBBDD0 /* MBProgressHUD.h */,
				9AC22B9D194619FF00DBBDD0 /* MBProgressHUD.m */,
				9A6EA36719475C0B00766A72 /* ReceivedFire.h */,
				9A6EA36819475C0B00766A72 /* ReceivedFire.m */,
				9A44AA58195093BB000121ED /* SearchUserTableCell.h */,
				9A44AA59195093BB000121ED /* SearchUserTableCell.m */,
				2E00CD5519478FA700EA8D2F /* SettingsTableViewCell.h */,
				2E00CD5619478FA700EA8D2F /* SettingsTableViewCell.m */,
				9AB2B5FE1947B427002DB3D7 /* SVPullToRefresh.h */,
				2ECF47F419465F2E00D53EFB /* TrendingTableViewCell.h */,
				2ECF47F519465F2E00D53EFB /* TrendingTableViewCell.m */,
				9AC22BA719463AA200DBBDD0 /* UIImage+AlphaAdditions.h */,
				9AC22BA819463AA200DBBDD0 /* UIImage+AlphaAdditions.m */,
				9AC22B9F1946248E00DBBDD0 /* UIImage+ResizeAdditions.h */,
				9AC22BA01946248E00DBBDD0 /* UIImage+ResizeAdditions.m */,
				9AC22BA11946248E00DBBDD0 /* UIImage+RoundedCornerAdditions.h */,
				9AC22BA21946248E00DBBDD0 /* UIImage+RoundedCornerAdditions.m */,
				9AB2B5FF1947B427002DB3D7 /* UIScrollView+SVInfiniteScrolling.h */,
				9AB2B6001947B427002DB3D7 /* UIScrollView+SVInfiniteScrolling.m */,
				9AB2B6011947B427002DB3D7 /* UIScrollView+SVPullToRefresh.h */,
				9AB2B6021947B427002DB3D7 /* UIScrollView+SVPullToRefresh.m */,
				9AC22B961946123B00DBBDD0 /* Utilities.h */,
				9AC22B971946123B00DBBDD0 /* Utilities.m */,
				9A82E6C7195B639C005923DF /* FollowersTableViewCell.h */,
				9A82E6C8195B639C005923DF /* FollowersTableViewCell.m */,
			);
			name = Classes;
			sourceTree = "<group>";
		};
		9A3816AE193F801B000B4E46 /* View Controllers */ = {
			isa = PBXGroup;
			children = (
				2E4896611946027B002584BB /* CameraViewController.h */,
				2E4896621946027B002584BB /* CameraViewController.m */,
				9AABAF761958C46D00C920A3 /* CampaignViewController.h */,
				9AABAF771958C46D00C920A3 /* CampaignViewController.m */,
				2E90976A194620A6003BF5A4 /* ContactsPageViewController.h */,
				2E90976B194620A6003BF5A4 /* ContactsPageViewController.m */,
				2E909761194613B0003BF5A4 /* FIndFriendsTableViewController.h */,
				2E909762194613B0003BF5A4 /* FIndFriendsTableViewController.m */,
				9A65C40A19534077001D920B /* FireViewController.h */,
				9A65C40B19534077001D920B /* FireViewController.m */,
				2E41D74A1946446E00FE4CE2 /* HomePageViewController.h */,
				2E41D74B1946446E00FE4CE2 /* HomePageViewController.m */,
				2E28FAFA1944BB04001B1634 /* InviteFriendsTableViewController.h */,
				2E28FAFB1944BB04001B1634 /* InviteFriendsTableViewController.m */,
				2E489664194602A5002584BB /* LoginScreenViewController.h */,
				2E489665194602A5002584BB /* LoginScreenViewController.m */,
				9A3816C8193F87F5000B4E46 /* MapView.h */,
				9A3816C9193F87F5000B4E46 /* MapView.m */,
				9A3816CA193F87F5000B4E46 /* MapView.xib */,
				2E90976D194633B4003BF5A4 /* PhotoViewController.h */,
				2E90976E194633B4003BF5A4 /* PhotoViewController.m */,
				2E90976419461594003BF5A4 /* ProfilePageViewController.h */,
				2E90976519461594003BF5A4 /* ProfilePageViewController.m */,
				9A44AA551950927B000121ED /* SearchUserViewController.h */,
				9A44AA561950927B000121ED /* SearchUserViewController.m */,
				9AC22B99194617BB00DBBDD0 /* SettingsViewController.h */,
				9AC22B9A194617BB00DBBDD0 /* SettingsViewController.m */,
				9AC22B9319460D2300DBBDD0 /* SignUpViewController.h */,
				9AC22B9419460D2300DBBDD0 /* SignUpViewController.m */,
				2ECF47F91946641600D53EFB /* TrendingTableViewController.h */,
				2ECF47FA1946641600D53EFB /* TrendingTableViewController.m */,
				9A82E6C1195B5E7F005923DF /* FollowersViewController.h */,
				9A82E6C2195B5E7F005923DF /* FollowersViewController.m */,
			);
			name = "View Controllers";
			sourceTree = "<group>";
		};
/* End PBXGroup section */

/* Begin PBXNativeTarget section */
		9A381671193F7FF3000B4E46 /* Wildfire */ = {
			isa = PBXNativeTarget;
			buildConfigurationList = 9A3816A7193F7FF4000B4E46 /* Build configuration list for PBXNativeTarget "Wildfire" */;
			buildPhases = (
				9A38166E193F7FF3000B4E46 /* Sources */,
				9A38166F193F7FF3000B4E46 /* Frameworks */,
				9A381670193F7FF3000B4E46 /* Resources */,
			);
			buildRules = (
			);
			dependencies = (
			);
			name = Wildfire;
			productName = Wildfire;
			productReference = 9A381672193F7FF3000B4E46 /* Wildfire.app */;
			productType = "com.apple.product-type.application";
		};
		9A381695193F7FF4000B4E46 /* WildfireTests */ = {
			isa = PBXNativeTarget;
			buildConfigurationList = 9A3816AA193F7FF4000B4E46 /* Build configuration list for PBXNativeTarget "WildfireTests" */;
			buildPhases = (
				9A381692193F7FF4000B4E46 /* Sources */,
				9A381693193F7FF4000B4E46 /* Frameworks */,
				9A381694193F7FF4000B4E46 /* Resources */,
			);
			buildRules = (
			);
			dependencies = (
				9A38169C193F7FF4000B4E46 /* PBXTargetDependency */,
			);
			name = WildfireTests;
			productName = WildfireTests;
			productReference = 9A381696193F7FF4000B4E46 /* WildfireTests.xctest */;
			productType = "com.apple.product-type.bundle.unit-test";
		};
/* End PBXNativeTarget section */

/* Begin PBXProject section */
		9A38166A193F7FF3000B4E46 /* Project object */ = {
			isa = PBXProject;
			attributes = {
				LastUpgradeCheck = 0510;
				ORGANIZATIONNAME = "Mobile AUG";
				TargetAttributes = {
					9A381671193F7FF3000B4E46 = {
						DevelopmentTeam = 2A69GLYMTG;
					};
					9A381695193F7FF4000B4E46 = {
						TestTargetID = 9A381671193F7FF3000B4E46;
					};
				};
			};
			buildConfigurationList = 9A38166D193F7FF3000B4E46 /* Build configuration list for PBXProject "Wildfire" */;
			compatibilityVersion = "Xcode 3.2";
			developmentRegion = English;
			hasScannedForEncodings = 0;
			knownRegions = (
				en,
				Base,
			);
			mainGroup = 9A381669193F7FF3000B4E46;
			productRefGroup = 9A381673193F7FF3000B4E46 /* Products */;
			projectDirPath = "";
			projectRoot = "";
			targets = (
				9A381671193F7FF3000B4E46 /* Wildfire */,
				9A381695193F7FF4000B4E46 /* WildfireTests */,
			);
		};
/* End PBXProject section */

/* Begin PBXResourcesBuildPhase section */
		9A381670193F7FF3000B4E46 /* Resources */ = {
			isa = PBXResourcesBuildPhase;
			buildActionMask = 2147483647;
			files = (
				2E28FB001944C0B3001B1634 /* facebookIcon.png in Resources */,
				9AC22BA61946337F00DBBDD0 /* Facebook.png in Resources */,
				2E7ED506195B4B0B006A1842 /* IMG_1629.MOV in Resources */,
				9A3816EA193FA69D000B4E46 /* GoogleMaps.bundle in Resources */,
				2ECF47F819465F7A00D53EFB /* Wild Fire Logo.png in Resources */,
				2E5BCFFD1942448700B3446E /* contactsIcon.png in Resources */,
				9A381691193F7FF3000B4E46 /* Images.xcassets in Resources */,
				2E489660194601CD002584BB /* WildFire.png in Resources */,
				9A3816CC193F87F5000B4E46 /* MapView.xib in Resources */,
				2E28FAFE1944BEEC001B1634 /* rightArrow.png in Resources */,
				9A381680193F7FF3000B4E46 /* InfoPlist.strings in Resources */,
				9A3816EC193FB1CC000B4E46 /* iPhoneMain.storyboard in Resources */,
			);
			runOnlyForDeploymentPostprocessing = 0;
		};
		9A381694193F7FF4000B4E46 /* Resources */ = {
			isa = PBXResourcesBuildPhase;
			buildActionMask = 2147483647;
			files = (
				9A3816A2193F7FF4000B4E46 /* InfoPlist.strings in Resources */,
			);
			runOnlyForDeploymentPostprocessing = 0;
		};
/* End PBXResourcesBuildPhase section */

/* Begin PBXSourcesBuildPhase section */
		9A38166E193F7FF3000B4E46 /* Sources */ = {
			isa = PBXSourcesBuildPhase;
			buildActionMask = 2147483647;
			files = (
				9A82E6C3195B5E7F005923DF /* FollowersViewController.m in Sources */,
				9AC22BA31946248E00DBBDD0 /* UIImage+ResizeAdditions.m in Sources */,
				2E1AE9001959E177005D3FB1 /* AudioPlayerViewController.m in Sources */,
				9AC22B9519460D2300DBBDD0 /* SignUpViewController.m in Sources */,
				9AABAF781958C46D00C920A3 /* CampaignViewController.m in Sources */,
				9A1EED8D196B4CD4002F150B /* AVCamViewController.m in Sources */,
				2E489666194602A5002584BB /* LoginScreenViewController.m in Sources */,
				2E1AE90A1959E5E8005D3FB1 /* AVCamPreviewView.m in Sources */,
				9A44AA5A195093BB000121ED /* SearchUserTableCell.m in Sources */,
				9A65C4091952181F001D920B /* Constants.m in Sources */,
				9AC22BA919463AA200DBBDD0 /* UIImage+AlphaAdditions.m in Sources */,
				9A6EA36919475C0B00766A72 /* ReceivedFire.m in Sources */,
				9A65C40C19534077001D920B /* FireViewController.m in Sources */,
				2E90976619461594003BF5A4 /* ProfilePageViewController.m in Sources */,
				9AC22BA41946248E00DBBDD0 /* UIImage+RoundedCornerAdditions.m in Sources */,
				9A6EA36C19475C2600766A72 /* Following.m in Sources */,
				9A381686193F7FF3000B4E46 /* AppDelegate.m in Sources */,
				9AC22B981946123B00DBBDD0 /* Utilities.m in Sources */,
				2E90977219463942003BF5A4 /* InviteFriendsTableViewCell.m in Sources */,
				9AB2B6031947B427002DB3D7 /* UIScrollView+SVInfiniteScrolling.m in Sources */,
				2E4896631946027B002584BB /* CameraViewController.m in Sources */,
				9AB2B5FD1947A6D0002DB3D7 /* FireTableCell.m in Sources */,
				9A3816CB193F87F5000B4E46 /* MapView.m in Sources */,
				2E1AE90C1959E5E8005D3FB1 /* AVPlayerClass.m in Sources */,
				9A44AA571950927B000121ED /* SearchUserViewController.m in Sources */,
				2E41D74C1946446E00FE4CE2 /* HomePageViewController.m in Sources */,
				2E00CD5719478FA700EA8D2F /* SettingsTableViewCell.m in Sources */,
				2ECF47F619465F2E00D53EFB /* TrendingTableViewCell.m in Sources */,
				2E28FAFC1944BB04001B1634 /* InviteFriendsTableViewController.m in Sources */,
				2E90976C194620A6003BF5A4 /* ContactsPageViewController.m in Sources */,
				9A1EED93196B4FF0002F150B /* MoviePlayerViewController.m in Sources */,
				2ECF47FB1946641600D53EFB /* TrendingTableViewController.m in Sources */,
				9A381682193F7FF3000B4E46 /* main.m in Sources */,
				2E909763194613B0003BF5A4 /* FIndFriendsTableViewController.m in Sources */,
				9A1EED90196B4E9F002F150B /* MergeVideo.m in Sources */,
				2E90976F194633B4003BF5A4 /* PhotoViewController.m in Sources */,
				9AB2B6041947B427002DB3D7 /* UIScrollView+SVPullToRefresh.m in Sources */,
				2E3C6406195221D900A3668A /* PhotoEditViewController.m in Sources */,
				9A1EED8A196B2ADE002F150B /* AudioPlayer.m in Sources */,
				9AC22B9B194617BB00DBBDD0 /* SettingsViewController.m in Sources */,
				9A82E6C9195B639C005923DF /* FollowersTableViewCell.m in Sources */,
				9AC22B9E194619FF00DBBDD0 /* MBProgressHUD.m in Sources */,
				9A6EA36619475BE700766A72 /* Fire.m in Sources */,
			);
			runOnlyForDeploymentPostprocessing = 0;
		};
		9A381692193F7FF4000B4E46 /* Sources */ = {
			isa = PBXSourcesBuildPhase;
			buildActionMask = 2147483647;
			files = (
				9A3816A4193F7FF4000B4E46 /* WildfireTests.m in Sources */,
			);
			runOnlyForDeploymentPostprocessing = 0;
		};
/* End PBXSourcesBuildPhase section */

/* Begin PBXTargetDependency section */
		9A38169C193F7FF4000B4E46 /* PBXTargetDependency */ = {
			isa = PBXTargetDependency;
			target = 9A381671193F7FF3000B4E46 /* Wildfire */;
			targetProxy = 9A38169B193F7FF4000B4E46 /* PBXContainerItemProxy */;
		};
/* End PBXTargetDependency section */

/* Begin PBXVariantGroup section */
		9A38167E193F7FF3000B4E46 /* InfoPlist.strings */ = {
			isa = PBXVariantGroup;
			children = (
				9A38167F193F7FF3000B4E46 /* en */,
			);
			name = InfoPlist.strings;
			sourceTree = "<group>";
		};
		9A3816A0193F7FF4000B4E46 /* InfoPlist.strings */ = {
			isa = PBXVariantGroup;
			children = (
				9A3816A1193F7FF4000B4E46 /* en */,
			);
			name = InfoPlist.strings;
			sourceTree = "<group>";
		};
/* End PBXVariantGroup section */

/* Begin XCBuildConfiguration section */
		9A3816A5193F7FF4000B4E46 /* Debug */ = {
			isa = XCBuildConfiguration;
			buildSettings = {
				ALWAYS_SEARCH_USER_PATHS = NO;
				CLANG_CXX_LANGUAGE_STANDARD = "gnu++0x";
				CLANG_CXX_LIBRARY = "libc++";
				CLANG_ENABLE_MODULES = YES;
				CLANG_ENABLE_OBJC_ARC = YES;
				CLANG_WARN_BOOL_CONVERSION = YES;
				CLANG_WARN_CONSTANT_CONVERSION = YES;
				CLANG_WARN_DIRECT_OBJC_ISA_USAGE = YES_ERROR;
				CLANG_WARN_EMPTY_BODY = YES;
				CLANG_WARN_ENUM_CONVERSION = YES;
				CLANG_WARN_INT_CONVERSION = YES;
				CLANG_WARN_OBJC_ROOT_CLASS = YES_ERROR;
				CLANG_WARN__DUPLICATE_METHOD_MATCH = YES;
				"CODE_SIGN_IDENTITY[sdk=iphoneos*]" = "iPhone Developer";
				COPY_PHASE_STRIP = NO;
				GCC_C_LANGUAGE_STANDARD = gnu99;
				GCC_DYNAMIC_NO_PIC = NO;
				GCC_OPTIMIZATION_LEVEL = 0;
				GCC_PREPROCESSOR_DEFINITIONS = (
					"DEBUG=1",
					"$(inherited)",
				);
				GCC_SYMBOLS_PRIVATE_EXTERN = NO;
				GCC_WARN_64_TO_32_BIT_CONVERSION = YES;
				GCC_WARN_ABOUT_RETURN_TYPE = YES_ERROR;
				GCC_WARN_UNDECLARED_SELECTOR = YES;
				GCC_WARN_UNINITIALIZED_AUTOS = YES_AGGRESSIVE;
				GCC_WARN_UNUSED_FUNCTION = YES;
				GCC_WARN_UNUSED_VARIABLE = YES;
				IPHONEOS_DEPLOYMENT_TARGET = 7.1;
				ONLY_ACTIVE_ARCH = YES;
				SDKROOT = iphoneos;
				TARGETED_DEVICE_FAMILY = "1,2";
			};
			name = Debug;
		};
		9A3816A6193F7FF4000B4E46 /* Release */ = {
			isa = XCBuildConfiguration;
			buildSettings = {
				ALWAYS_SEARCH_USER_PATHS = NO;
				CLANG_CXX_LANGUAGE_STANDARD = "gnu++0x";
				CLANG_CXX_LIBRARY = "libc++";
				CLANG_ENABLE_MODULES = YES;
				CLANG_ENABLE_OBJC_ARC = YES;
				CLANG_WARN_BOOL_CONVERSION = YES;
				CLANG_WARN_CONSTANT_CONVERSION = YES;
				CLANG_WARN_DIRECT_OBJC_ISA_USAGE = YES_ERROR;
				CLANG_WARN_EMPTY_BODY = YES;
				CLANG_WARN_ENUM_CONVERSION = YES;
				CLANG_WARN_INT_CONVERSION = YES;
				CLANG_WARN_OBJC_ROOT_CLASS = YES_ERROR;
				CLANG_WARN__DUPLICATE_METHOD_MATCH = YES;
				"CODE_SIGN_IDENTITY[sdk=iphoneos*]" = "iPhone Developer";
				COPY_PHASE_STRIP = YES;
				ENABLE_NS_ASSERTIONS = NO;
				GCC_C_LANGUAGE_STANDARD = gnu99;
				GCC_WARN_64_TO_32_BIT_CONVERSION = YES;
				GCC_WARN_ABOUT_RETURN_TYPE = YES_ERROR;
				GCC_WARN_UNDECLARED_SELECTOR = YES;
				GCC_WARN_UNINITIALIZED_AUTOS = YES_AGGRESSIVE;
				GCC_WARN_UNUSED_FUNCTION = YES;
				GCC_WARN_UNUSED_VARIABLE = YES;
				IPHONEOS_DEPLOYMENT_TARGET = 7.1;
				SDKROOT = iphoneos;
				TARGETED_DEVICE_FAMILY = "1,2";
				VALIDATE_PRODUCT = YES;
			};
			name = Release;
		};
		9A3816A8193F7FF4000B4E46 /* Debug */ = {
			isa = XCBuildConfiguration;
			buildSettings = {
				ASSETCATALOG_COMPILER_APPICON_NAME = AppIcon;
				ASSETCATALOG_COMPILER_LAUNCHIMAGE_NAME = LaunchImage;
				CODE_SIGN_IDENTITY = "iPhone Developer: Jason Rosenbaum (7R4ARCLY9A)";
				"CODE_SIGN_IDENTITY[sdk=iphoneos*]" = "iPhone Developer: Jason Rosenbaum (7R4ARCLY9A)";
				FRAMEWORK_SEARCH_PATHS = (
					"$(inherited)",
					"$(PROJECT_DIR)",
				);
				GCC_PRECOMPILE_PREFIX_HEADER = YES;
				GCC_PREFIX_HEADER = "Wildfire/Wildfire-Prefix.pch";
				INFOPLIST_FILE = "Wildfire/Wildfire-Info.plist";
				IPHONEOS_DEPLOYMENT_TARGET = 6.0;
				OTHER_LDFLAGS = (
					"-ObjC",
					"-all_load",
					"-lsqlite3.0",
					"-lstdc++",
				);
				PRODUCT_NAME = "$(TARGET_NAME)";
				PROVISIONING_PROFILE = "EB394A25-6D28-467C-AE01-4E6532D89E07";
				WRAPPER_EXTENSION = app;
			};
			name = Debug;
		};
		9A3816A9193F7FF4000B4E46 /* Release */ = {
			isa = XCBuildConfiguration;
			buildSettings = {
				ASSETCATALOG_COMPILER_APPICON_NAME = AppIcon;
				ASSETCATALOG_COMPILER_LAUNCHIMAGE_NAME = LaunchImage;
				CODE_SIGN_IDENTITY = "iPhone Developer: Jason Rosenbaum (7R4ARCLY9A)";
				"CODE_SIGN_IDENTITY[sdk=iphoneos*]" = "iPhone Developer: Jason Rosenbaum (7R4ARCLY9A)";
				FRAMEWORK_SEARCH_PATHS = (
					"$(inherited)",
					"$(PROJECT_DIR)",
				);
				GCC_PRECOMPILE_PREFIX_HEADER = YES;
				GCC_PREFIX_HEADER = "Wildfire/Wildfire-Prefix.pch";
				INFOPLIST_FILE = "Wildfire/Wildfire-Info.plist";
				IPHONEOS_DEPLOYMENT_TARGET = 6.0;
				OTHER_LDFLAGS = (
					"-ObjC",
					"-all_load",
					"-lsqlite3.0",
					"-lstdc++",
				);
				PRODUCT_NAME = "$(TARGET_NAME)";
				PROVISIONING_PROFILE = "EB394A25-6D28-467C-AE01-4E6532D89E07";
				WRAPPER_EXTENSION = app;
			};
			name = Release;
		};
		9A3816AB193F7FF4000B4E46 /* Debug */ = {
			isa = XCBuildConfiguration;
			buildSettings = {
				BUNDLE_LOADER = "$(BUILT_PRODUCTS_DIR)/Wildfire.app/Wildfire";
				FRAMEWORK_SEARCH_PATHS = (
					"$(SDKROOT)/Developer/Library/Frameworks",
					"$(inherited)",
					"$(DEVELOPER_FRAMEWORKS_DIR)",
				);
				GCC_PRECOMPILE_PREFIX_HEADER = YES;
				GCC_PREFIX_HEADER = "Wildfire/Wildfire-Prefix.pch";
				GCC_PREPROCESSOR_DEFINITIONS = (
					"DEBUG=1",
					"$(inherited)",
				);
				INFOPLIST_FILE = "WildfireTests/WildfireTests-Info.plist";
				PRODUCT_NAME = "$(TARGET_NAME)";
				TEST_HOST = "$(BUNDLE_LOADER)";
				WRAPPER_EXTENSION = xctest;
			};
			name = Debug;
		};
		9A3816AC193F7FF4000B4E46 /* Release */ = {
			isa = XCBuildConfiguration;
			buildSettings = {
				BUNDLE_LOADER = "$(BUILT_PRODUCTS_DIR)/Wildfire.app/Wildfire";
				FRAMEWORK_SEARCH_PATHS = (
					"$(SDKROOT)/Developer/Library/Frameworks",
					"$(inherited)",
					"$(DEVELOPER_FRAMEWORKS_DIR)",
				);
				GCC_PRECOMPILE_PREFIX_HEADER = YES;
				GCC_PREFIX_HEADER = "Wildfire/Wildfire-Prefix.pch";
				INFOPLIST_FILE = "WildfireTests/WildfireTests-Info.plist";
				PRODUCT_NAME = "$(TARGET_NAME)";
				TEST_HOST = "$(BUNDLE_LOADER)";
				WRAPPER_EXTENSION = xctest;
			};
			name = Release;
		};
/* End XCBuildConfiguration section */

/* Begin XCConfigurationList section */
		9A38166D193F7FF3000B4E46 /* Build configuration list for PBXProject "Wildfire" */ = {
			isa = XCConfigurationList;
			buildConfigurations = (
				9A3816A5193F7FF4000B4E46 /* Debug */,
				9A3816A6193F7FF4000B4E46 /* Release */,
			);
			defaultConfigurationIsVisible = 0;
			defaultConfigurationName = Release;
		};
		9A3816A7193F7FF4000B4E46 /* Build configuration list for PBXNativeTarget "Wildfire" */ = {
			isa = XCConfigurationList;
			buildConfigurations = (
				9A3816A8193F7FF4000B4E46 /* Debug */,
				9A3816A9193F7FF4000B4E46 /* Release */,
			);
			defaultConfigurationIsVisible = 0;
			defaultConfigurationName = Release;
		};
		9A3816AA193F7FF4000B4E46 /* Build configuration list for PBXNativeTarget "WildfireTests" */ = {
			isa = XCConfigurationList;
			buildConfigurations = (
				9A3816AB193F7FF4000B4E46 /* Debug */,
				9A3816AC193F7FF4000B4E46 /* Release */,
			);
			defaultConfigurationIsVisible = 0;
			defaultConfigurationName = Release;
		};
/* End XCConfigurationList section */
	};
	rootObject = 9A38166A193F7FF3000B4E46 /* Project object */;
}
